Microsoft Visual Studio Solution File, Format Version 12.00
# Visual Studio Version 17
VisualStudioVersion = 17.5.2.0
MinimumVisualStudioVersion = 10.0.40219.1
Project("{FAE04EC0-301F-11D3-BF4B-00C04F79EFBC}") = "CIS_106_GIT_INTRO", "CIS_106_GIT_INTRO.csproj", "{624837BC-68D1-5CA1-82C2-C97D4A76A08E}"
EndProject
Global
	GlobalSection(SolutionConfigurationPlatforms) = preSolution
		Debug|Any CPU = Debug|Any CPU
		Release|Any CPU = Release|Any CPU
	EndGlobalSection
	GlobalSection(ProjectConfigurationPlatforms) = postSolution
		{624837BC-68D1-5CA1-82C2-C97D4A76A08E}.Debug|Any CPU.ActiveCfg = Debug|Any CPU
		{624837BC-68D1-5CA1-82C2-C97D4A76A08E}.Debug|Any CPU.Build.0 = Debug|Any CPU
		{624837BC-68D1-5CA1-82C2-C97D4A76A08E}.Release|Any CPU.ActiveCfg = Release|Any CPU
		{624837BC-68D1-5CA1-82C2-C97D4A76A08E}.Release|Any CPU.Build.0 = Release|Any CPU
	EndGlobalSection
	GlobalSection(SolutionProperties) = preSolution
		HideSolutionNode = FALSE
	EndGlobalSection
	GlobalSection(ExtensibilityGlobals) = postSolution
		SolutionGuid = {CBD988E4-5C58-4A4C-A25C-EEC218092EEB}
	EndGlobalSection
EndGlobal
